
Microsoft Visual Studio Solution File, Format Version 12.00
# Visual Studio 15
VisualStudioVersion = 15.0.28307.489
MinimumVisualStudioVersion = 10.0.40219.1
Project("{FAE04EC0-301F-11D3-BF4B-00C04F79EFBC}") = "Lab02-Unit-Testing", "Lab02-Unit-Testing\Lab02-Unit-Testing.csproj", "{3EC44B73-98FC-4F4A-AE12-17C77F22CD8C}"
EndProject
Project("{2150E333-8FDC-42A3-9474-1A3956D46DE8}") = "Solution Items", "Solution Items", "{BF36BED5-BB07-4262-B73C-EAFBB40787EC}"
	ProjectSection(SolutionItems) = preProject
		ReadMe.md = ReadMe.md
	EndProjectSection
EndProject
Project("{FAE04EC0-301F-11D3-BF4B-00C04F79EFBC}") = "Lab02-Unit-Testing-TDD", "Lab02-Unit-Testing-TDD\Lab02-Unit-Testing-TDD.csproj", "{9C566C1A-12EF-4740-807A-0E6BE6F36A31}"
EndProject
Global
	GlobalSection(SolutionConfigurationPlatforms) = preSolution
		Debug|Any CPU = Debug|Any CPU
		Release|Any CPU = Release|Any CPU
	EndGlobalSection
	GlobalSection(ProjectConfigurationPlatforms) = postSolution
		{3EC44B73-98FC-4F4A-AE12-17C77F22CD8C}.Debug|Any CPU.ActiveCfg = Debug|Any CPU
		{3EC44B73-98FC-4F4A-AE12-17C77F22CD8C}.Debug|Any CPU.Build.0 = Debug|Any CPU
		{3EC44B73-98FC-4F4A-AE12-17C77F22CD8C}.Release|Any CPU.ActiveCfg = Release|Any CPU
		{3EC44B73-98FC-4F4A-AE12-17C77F22CD8C}.Release|Any CPU.Build.0 = Release|Any CPU
		{9C566C1A-12EF-4740-807A-0E6BE6F36A31}.Debug|Any CPU.ActiveCfg = Debug|Any CPU
		{9C566C1A-12EF-4740-807A-0E6BE6F36A31}.Debug|Any CPU.Build.0 = Debug|Any CPU
		{9C566C1A-12EF-4740-807A-0E6BE6F36A31}.Release|Any CPU.ActiveCfg = Release|Any CPU
		{9C566C1A-12EF-4740-807A-0E6BE6F36A31}.Release|Any CPU.Build.0 = Release|Any CPU
	EndGlobalSection
	GlobalSection(SolutionProperties) = preSolution
		HideSolutionNode = FALSE
	EndGlobalSection
	GlobalSection(ExtensibilityGlobals) = postSolution
		SolutionGuid = {56A65AE1-2110-4DFD-A828-CBC1773BD0F1}
	EndGlobalSection
EndGlobal
